
Microsoft Visual Studio Solution File, Format Version 12.00
# Visual Studio Version 17
VisualStudioVersion = 17.6.33815.320
MinimumVisualStudioVersion = 10.0.40219.1
Project("{9A19103F-16F7-4668-BE54-9A1E7A4F7556}") = "ClassLibrary1", "ClassLibrary1\ClassLibrary1.csproj", "{3616D917-72CC-4911-B602-014C2F9DCB18}"
EndProject
Project("{FAE04EC0-301F-11D3-BF4B-00C04F79EFBC}") = "TestProject1", "TestProject1\TestProject1.csproj", "{ED6ECAF5-9EC5-4B80-9669-7ECD081A3F8C}"
EndProject
Global
	GlobalSection(SolutionConfigurationPlatforms) = preSolution
		Debug|Any CPU = Debug|Any CPU
		Release|Any CPU = Release|Any CPU
	EndGlobalSection
	GlobalSection(ProjectConfigurationPlatforms) = postSolution
		{3616D917-72CC-4911-B602-014C2F9DCB18}.Debug|Any CPU.ActiveCfg = Debug|Any CPU
		{3616D917-72CC-4911-B602-014C2F9DCB18}.Debug|Any CPU.Build.0 = Debug|Any CPU
		{3616D917-72CC-4911-B602-014C2F9DCB18}.Release|Any CPU.ActiveCfg = Release|Any CPU
		{3616D917-72CC-4911-B602-014C2F9DCB18}.Release|Any CPU.Build.0 = Release|Any CPU
		{ED6ECAF5-9EC5-4B80-9669-7ECD081A3F8C}.Debug|Any CPU.ActiveCfg = Debug|Any CPU
		{ED6ECAF5-9EC5-4B80-9669-7ECD081A3F8C}.Debug|Any CPU.Build.0 = Debug|Any CPU
		{ED6ECAF5-9EC5-4B80-9669-7ECD081A3F8C}.Release|Any CPU.ActiveCfg = Release|Any CPU
		{ED6ECAF5-9EC5-4B80-9669-7ECD081A3F8C}.Release|Any CPU.Build.0 = Release|Any CPU
	EndGlobalSection
	GlobalSection(SolutionProperties) = preSolution
		HideSolutionNode = FALSE
	EndGlobalSection
	GlobalSection(ExtensibilityGlobals) = postSolution
		SolutionGuid = {C1C44C70-7815-45DE-9687-2B2496B8F623}
	EndGlobalSection
EndGlobal
