
Microsoft Visual Studio Solution File, Format Version 12.00
# Visual Studio Version 17
VisualStudioVersion = 17.6.33829.357
MinimumVisualStudioVersion = 10.0.40219.1
Project("{FAE04EC0-301F-11D3-BF4B-00C04F79EFBC}") = "Data", "..\Data\Data.csproj", "{C86CAE4A-3449-4F45-BE95-6C07B02B27F3}"
EndProject
Project("{FAE04EC0-301F-11D3-BF4B-00C04F79EFBC}") = "Logic", "..\Logic\Logic.csproj", "{D8F37D1C-455F-40D9-A27C-232777325895}"
EndProject
Project("{FAE04EC0-301F-11D3-BF4B-00C04F79EFBC}") = "UnitTests", "..\UnitTests\UnitTests.csproj", "{1F9B9450-3BAA-4546-A3B4-71A5B8AB5209}"
EndProject
Global
	GlobalSection(SolutionConfigurationPlatforms) = preSolution
		Debug|Any CPU = Debug|Any CPU
		Release|Any CPU = Release|Any CPU
	EndGlobalSection
	GlobalSection(ProjectConfigurationPlatforms) = postSolution
		{C86CAE4A-3449-4F45-BE95-6C07B02B27F3}.Debug|Any CPU.ActiveCfg = Debug|Any CPU
		{C86CAE4A-3449-4F45-BE95-6C07B02B27F3}.Debug|Any CPU.Build.0 = Debug|Any CPU
		{C86CAE4A-3449-4F45-BE95-6C07B02B27F3}.Release|Any CPU.ActiveCfg = Release|Any CPU
		{C86CAE4A-3449-4F45-BE95-6C07B02B27F3}.Release|Any CPU.Build.0 = Release|Any CPU
		{D8F37D1C-455F-40D9-A27C-232777325895}.Debug|Any CPU.ActiveCfg = Debug|Any CPU
		{D8F37D1C-455F-40D9-A27C-232777325895}.Debug|Any CPU.Build.0 = Debug|Any CPU
		{D8F37D1C-455F-40D9-A27C-232777325895}.Release|Any CPU.ActiveCfg = Release|Any CPU
		{D8F37D1C-455F-40D9-A27C-232777325895}.Release|Any CPU.Build.0 = Release|Any CPU
		{1F9B9450-3BAA-4546-A3B4-71A5B8AB5209}.Debug|Any CPU.ActiveCfg = Debug|Any CPU
		{1F9B9450-3BAA-4546-A3B4-71A5B8AB5209}.Debug|Any CPU.Build.0 = Debug|Any CPU
		{1F9B9450-3BAA-4546-A3B4-71A5B8AB5209}.Release|Any CPU.ActiveCfg = Release|Any CPU
		{1F9B9450-3BAA-4546-A3B4-71A5B8AB5209}.Release|Any CPU.Build.0 = Release|Any CPU
	EndGlobalSection
	GlobalSection(SolutionProperties) = preSolution
		HideSolutionNode = FALSE
	EndGlobalSection
	GlobalSection(ExtensibilityGlobals) = postSolution
		SolutionGuid = {9A038475-DCF0-4891-80BE-48E2AC66EA93}
	EndGlobalSection
EndGlobal
